
Microsoft Visual Studio Solution File, Format Version 12.00
# Visual Studio Version 17
VisualStudioVersion = 17.7.34031.279
MinimumVisualStudioVersion = 10.0.40219.1
Project("{FAE04EC0-301F-11D3-BF4B-00C04F79EFBC}") = "Game", "Game\Game.csproj", "{B8A6B466-2811-4903-831A-4046BBC3C017}"
EndProject
Project("{FAE04EC0-301F-11D3-BF4B-00C04F79EFBC}") = "Model", "Model\Model.csproj", "{5FC54DC6-5995-4C84-900F-9D4684FB8ED3}"
EndProject
Project("{FAE04EC0-301F-11D3-BF4B-00C04F79EFBC}") = "Dal", "Dal\Dal.csproj", "{F646A2D8-1FA5-4A4D-9F1F-15BE3541A5C2}"
EndProject
Project("{FAE04EC0-301F-11D3-BF4B-00C04F79EFBC}") = "Core", "Core\Core.csproj", "{CDAE5BD3-663F-46A4-AD25-C69ACDDBE59D}"
EndProject
Project("{FAE04EC0-301F-11D3-BF4B-00C04F79EFBC}") = "Business", "Business\Business.csproj", "{251186A0-1DE8-4B8E-A6CA-3E0B5BB72928}"
EndProject
Global
	GlobalSection(SolutionConfigurationPlatforms) = preSolution
		Debug|Any CPU = Debug|Any CPU
		Release|Any CPU = Release|Any CPU
	EndGlobalSection
	GlobalSection(ProjectConfigurationPlatforms) = postSolution
		{B8A6B466-2811-4903-831A-4046BBC3C017}.Debug|Any CPU.ActiveCfg = Debug|Any CPU
		{B8A6B466-2811-4903-831A-4046BBC3C017}.Debug|Any CPU.Build.0 = Debug|Any CPU
		{B8A6B466-2811-4903-831A-4046BBC3C017}.Release|Any CPU.ActiveCfg = Release|Any CPU
		{B8A6B466-2811-4903-831A-4046BBC3C017}.Release|Any CPU.Build.0 = Release|Any CPU
		{5FC54DC6-5995-4C84-900F-9D4684FB8ED3}.Debug|Any CPU.ActiveCfg = Debug|Any CPU
		{5FC54DC6-5995-4C84-900F-9D4684FB8ED3}.Debug|Any CPU.Build.0 = Debug|Any CPU
		{5FC54DC6-5995-4C84-900F-9D4684FB8ED3}.Release|Any CPU.ActiveCfg = Release|Any CPU
		{5FC54DC6-5995-4C84-900F-9D4684FB8ED3}.Release|Any CPU.Build.0 = Release|Any CPU
		{F646A2D8-1FA5-4A4D-9F1F-15BE3541A5C2}.Debug|Any CPU.ActiveCfg = Debug|Any CPU
		{F646A2D8-1FA5-4A4D-9F1F-15BE3541A5C2}.Debug|Any CPU.Build.0 = Debug|Any CPU
		{F646A2D8-1FA5-4A4D-9F1F-15BE3541A5C2}.Release|Any CPU.ActiveCfg = Release|Any CPU
		{F646A2D8-1FA5-4A4D-9F1F-15BE3541A5C2}.Release|Any CPU.Build.0 = Release|Any CPU
		{CDAE5BD3-663F-46A4-AD25-C69ACDDBE59D}.Debug|Any CPU.ActiveCfg = Debug|Any CPU
		{CDAE5BD3-663F-46A4-AD25-C69ACDDBE59D}.Debug|Any CPU.Build.0 = Debug|Any CPU
		{CDAE5BD3-663F-46A4-AD25-C69ACDDBE59D}.Release|Any CPU.ActiveCfg = Release|Any CPU
		{CDAE5BD3-663F-46A4-AD25-C69ACDDBE59D}.Release|Any CPU.Build.0 = Release|Any CPU
		{251186A0-1DE8-4B8E-A6CA-3E0B5BB72928}.Debug|Any CPU.ActiveCfg = Debug|Any CPU
		{251186A0-1DE8-4B8E-A6CA-3E0B5BB72928}.Debug|Any CPU.Build.0 = Debug|Any CPU
		{251186A0-1DE8-4B8E-A6CA-3E0B5BB72928}.Release|Any CPU.ActiveCfg = Release|Any CPU
		{251186A0-1DE8-4B8E-A6CA-3E0B5BB72928}.Release|Any CPU.Build.0 = Release|Any CPU
	EndGlobalSection
	GlobalSection(SolutionProperties) = preSolution
		HideSolutionNode = FALSE
	EndGlobalSection
	GlobalSection(ExtensibilityGlobals) = postSolution
		SolutionGuid = {A6385820-2F3E-4216-A839-51237273AEFA}
	EndGlobalSection
EndGlobal
